{
  "requires": true,
  "lockfileVersion": 1,
  "dependencies": {
    "fuzzysearch": {
      "version": "1.0.3",
      "resolved": "https://registry.npmjs.org/fuzzysearch/-/fuzzysearch-1.0.3.tgz",
      "integrity": "sha1-3/yA9tawQiPyImqnndGUIxCW0Ag="
    },
    "simple-jekyll-search": {
      "version": "1.6.3",
      "resolved": "https://registry.npmjs.org/simple-jekyll-search/-/simple-jekyll-search-1.6.3.tgz",
      "integrity": "sha512-dHYGvOhYMgL4GF67T6+tGCawJ0zkQ1eSTRy0qIcaintzrCoAO2Td28wWECBpTXMdK3fQbFBOwSQAGVUafrmGyg==",
      "requires": {
        "fuzzysearch": "1.0.3"
      }
    }
  }
}
